{
  "requires": true,
  "lockfileVersion": 1,
  "dependencies": {
    "@ngrx/effects": {
      "version": "9.2.0",
      "resolved": "https://registry.npmjs.org/@ngrx/effects/-/effects-9.2.0.tgz",
      "integrity": "sha512-8V09zDIPehGpzgfcgyczelovsVYJvDQhN9wHt37K5A+YCG0CI8nj8FmKokHATwv/S62YqFrOVnr/TZacxpDhBw=="
    },
    "@ngrx/entity": {
      "version": "9.2.0",
      "resolved": "https://registry.npmjs.org/@ngrx/entity/-/entity-9.2.0.tgz",
      "integrity": "sha512-xSnS4EmksfvIobl2KMpljE1RMYuJGq7j5cCb9TnlsXkEc7cUa0TyGviSsxceSpk9WKtKARPR/AcVrVCESucF6Q=="
    },
    "@ngrx/store": {
      "version": "9.2.0",
      "resolved": "https://registry.npmjs.org/@ngrx/store/-/store-9.2.0.tgz",
      "integrity": "sha512-V8AI3mxbMztVpbZpALkLZYlGkofKcu9GaOCY5e+sZ1VcJ90oxhFjBpnmd6MuVdmhep1XAHALb1B8ZbBFn+xsgQ=="
    },
    "@ngrx/store-devtools": {
      "version": "9.2.0",
      "resolved": "https://registry.npmjs.org/@ngrx/store-devtools/-/store-devtools-9.2.0.tgz",
      "integrity": "sha512-/FvgcpjO4IvwNFnRVoHGikAvckr6fxKf4NgYoTQ9giI8xavolLvuQUHxzH20legi5dgZz34ii2m2g1Q7OxEV8w=="
    },
    "rxjs": {
      "version": "6.5.5",
      "resolved": "https://registry.npmjs.org/rxjs/-/rxjs-6.5.5.tgz",
      "integrity": "sha512-WfQI+1gohdf0Dai/Bbmk5L5ItH5tYqm3ki2c5GdWhKjalzjg93N3avFjVStyZZz+A2Em+ZxKH5bNghw9UeylGQ==",
      "requires": {
        "tslib": "^1.9.0"
      }
    },
    "tslib": {
      "version": "1.13.0",
      "resolved": "https://registry.npmjs.org/tslib/-/tslib-1.13.0.tgz",
      "integrity": "sha512-i/6DQjL8Xf3be4K/E6Wgpekn5Qasl1usyw++dAA35Ue5orEn65VIxOA+YvNNl9HV3qv70T7CNwjODHZrLwvd1Q=="
    }
  }
}
